
Microsoft Visual Studio Solution File, Format Version 12.00
# Visual Studio Version 17
VisualStudioVersion = 17.5.33530.505
MinimumVisualStudioVersion = 10.0.40219.1
Project("{FAE04EC0-301F-11D3-BF4B-00C04F79EFBC}") = "Study.PostSharp", "Study.PostSharp\Study.PostSharp.csproj", "{BD40B89A-42B8-470A-B031-3D91C1AA9EB8}"
EndProject
Project("{FAE04EC0-301F-11D3-BF4B-00C04F79EFBC}") = "Crosscutting", "Crosscutting\Crosscutting.csproj", "{48614B02-F264-4149-B43F-E477A1367FA2}"
EndProject
Global
	GlobalSection(SolutionConfigurationPlatforms) = preSolution
		Debug|Any CPU = Debug|Any CPU
		Release|Any CPU = Release|Any CPU
	EndGlobalSection
	GlobalSection(ProjectConfigurationPlatforms) = postSolution
		{BD40B89A-42B8-470A-B031-3D91C1AA9EB8}.Debug|Any CPU.ActiveCfg = Debug|Any CPU
		{BD40B89A-42B8-470A-B031-3D91C1AA9EB8}.Debug|Any CPU.Build.0 = Debug|Any CPU
		{BD40B89A-42B8-470A-B031-3D91C1AA9EB8}.Release|Any CPU.ActiveCfg = Release|Any CPU
		{BD40B89A-42B8-470A-B031-3D91C1AA9EB8}.Release|Any CPU.Build.0 = Release|Any CPU
		{48614B02-F264-4149-B43F-E477A1367FA2}.Debug|Any CPU.ActiveCfg = Debug|Any CPU
		{48614B02-F264-4149-B43F-E477A1367FA2}.Debug|Any CPU.Build.0 = Debug|Any CPU
		{48614B02-F264-4149-B43F-E477A1367FA2}.Release|Any CPU.ActiveCfg = Release|Any CPU
		{48614B02-F264-4149-B43F-E477A1367FA2}.Release|Any CPU.Build.0 = Release|Any CPU
	EndGlobalSection
	GlobalSection(SolutionProperties) = preSolution
		HideSolutionNode = FALSE
	EndGlobalSection
	GlobalSection(ExtensibilityGlobals) = postSolution
		SolutionGuid = {DA787D71-DB8F-4A64-BF40-7ADB6BD011B0}
	EndGlobalSection
EndGlobal
